// !$*UTF8*$!
{
	archiveVersion = 1;
	classes = {
	};
	objectVersion = 46;
	objects = {

/* Begin PBXBuildFile section */
		C90F98FB1A5F4287002C508F /* tiny_obj_loader.cc in Sources */ = {isa = PBXBuildFile; fileRef = C90F98F91A5F4287002C508F /* tiny_obj_loader.cc */; };
		C90F98FE1A5F4305002C508F /* Image.cpp in Sources */ = {isa = PBXBuildFile; fileRef = C90F98FC1A5F4305002C508F /* Image.cpp */; };
		C90F99001A5F431E002C508F /* main.cpp in Sources */ = {isa = PBXBuildFile; fileRef = C90F98FF1A5F431E002C508F /* main.cpp */; };
		C983CC791A5F531600AA417B /* Triangle.cpp in Sources */ = {isa = PBXBuildFile; fileRef = C983CC771A5F531600AA417B /* Triangle.cpp */; };
/* End PBXBuildFile section */

/* Begin PBXCopyFilesBuildPhase section */
		C90F98ED1A5F409F002C508F /* CopyFiles */ = {
			isa = PBXCopyFilesBuildPhase;
			buildActionMask = 2147483647;
			dstPath = /usr/share/man/man1;
			dstSubfolderSpec = 0;
			files = (
			);
			runOnlyForDeploymentPostprocessing = 1;
		};
/* End PBXCopyFilesBuildPhase section */

/* Begin PBXFileReference section */
		C90F98EF1A5F409F002C508F /* FirstThing */ = {isa = PBXFileReference; explicitFileType = "compiled.mach-o.executable"; includeInIndex = 0; path = FirstThing; sourceTree = BUILT_PRODUCTS_DIR; };
		C90F98F91A5F4287002C508F /* tiny_obj_loader.cc */ = {isa = PBXFileReference; fileEncoding = 4; lastKnownFileType = sourcecode.cpp.cpp; path = tiny_obj_loader.cc; sourceTree = SOURCE_ROOT; };
		C90F98FA1A5F4287002C508F /* tiny_obj_loader.h */ = {isa = PBXFileReference; fileEncoding = 4; lastKnownFileType = sourcecode.c.h; path = tiny_obj_loader.h; sourceTree = SOURCE_ROOT; };
		C90F98FC1A5F4305002C508F /* Image.cpp */ = {isa = PBXFileReference; fileEncoding = 4; lastKnownFileType = sourcecode.cpp.cpp; path = Image.cpp; sourceTree = SOURCE_ROOT; };
		C90F98FD1A5F4305002C508F /* Image.h */ = {isa = PBXFileReference; fileEncoding = 4; lastKnownFileType = sourcecode.c.h; path = Image.h; sourceTree = SOURCE_ROOT; };
		C90F98FF1A5F431E002C508F /* main.cpp */ = {isa = PBXFileReference; fileEncoding = 4; lastKnownFileType = sourcecode.cpp.cpp; path = main.cpp; sourceTree = SOURCE_ROOT; };
		C983CC771A5F531600AA417B /* Triangle.cpp */ = {isa = PBXFileReference; fileEncoding = 4; lastKnownFileType = sourcecode.cpp.cpp; path = Triangle.cpp; sourceTree = SOURCE_ROOT; };
		C983CC781A5F531600AA417B /* Triangle.h */ = {isa = PBXFileReference; fileEncoding = 4; lastKnownFileType = sourcecode.c.h; path = Triangle.h; sourceTree = SOURCE_ROOT; };
/* End PBXFileReference section */

/* Begin PBXFrameworksBuildPhase section */
		C90F98EC1A5F409F002C508F /* Frameworks */ = {
			isa = PBXFrameworksBuildPhase;
			buildActionMask = 2147483647;
			files = (
			);
			runOnlyForDeploymentPostprocessing = 0;
		};
/* End PBXFrameworksBuildPhase section */

/* Begin PBXGroup section */
		C90F98E61A5F409F002C508F = {
			isa = PBXGroup;
			children = (
				C90F98F11A5F409F002C508F /* FirstThing */,
				C90F98F01A5F409F002C508F /* Products */,
			);
			sourceTree = "<group>";
		};
		C90F98F01A5F409F002C508F /* Products */ = {
			isa = PBXGroup;
			children = (
				C90F98EF1A5F409F002C508F /* FirstThing */,
			);
			name = Products;
			sourceTree = "<group>";
		};
		C90F98F11A5F409F002C508F /* FirstThing */ = {
			isa = PBXGroup;
			children = (
				C90F98F91A5F4287002C508F /* tiny_obj_loader.cc */,
				C90F98FA1A5F4287002C508F /* tiny_obj_loader.h */,
				C90F98FC1A5F4305002C508F /* Image.cpp */,
				C90F98FD1A5F4305002C508F /* Image.h */,
				C90F98FF1A5F431E002C508F /* main.cpp */,
				C983CC771A5F531600AA417B /* Triangle.cpp */,
				C983CC781A5F531600AA417B /* Triangle.h */,
			);
			path = FirstThing;
			sourceTree = "<group>";
		};
/* End PBXGroup section */

/* Begin PBXNativeTarget section */
		C90F98EE1A5F409F002C508F /* FirstThing */ = {
			isa = PBXNativeTarget;
			buildConfigurationList = C90F98F61A5F409F002C508F /* Build configuration list for PBXNativeTarget "FirstThing" */;
			buildPhases = (
				C90F98EB1A5F409F002C508F /* Sources */,
				C90F98EC1A5F409F002C508F /* Frameworks */,
				C90F98ED1A5F409F002C508F /* CopyFiles */,
			);
			buildRules = (
			);
			dependencies = (
			);
			name = FirstThing;
			productName = FirstThing;
			productReference = C90F98EF1A5F409F002C508F /* FirstThing */;
			productType = "com.apple.product-type.tool";
		};
/* End PBXNativeTarget section */

/* Begin PBXProject section */
		C90F98E71A5F409F002C508F /* Project object */ = {
			isa = PBXProject;
			attributes = {
				LastUpgradeCheck = 0610;
				ORGANIZATIONNAME = "Elliot Fiske";
				TargetAttributes = {
					C90F98EE1A5F409F002C508F = {
						CreatedOnToolsVersion = 6.1.1;
					};
				};
			};
			buildConfigurationList = C90F98EA1A5F409F002C508F /* Build configuration list for PBXProject "FirstThing" */;
			compatibilityVersion = "Xcode 3.2";
			developmentRegion = English;
			hasScannedForEncodings = 0;
			knownRegions = (
				en,
			);
			mainGroup = C90F98E61A5F409F002C508F;
			productRefGroup = C90F98F01A5F409F002C508F /* Products */;
			projectDirPath = "";
			projectRoot = "";
			targets = (
				C90F98EE1A5F409F002C508F /* FirstThing */,
			);
		};
/* End PBXProject section */

/* Begin PBXSourcesBuildPhase section */
		C90F98EB1A5F409F002C508F /* Sources */ = {
			isa = PBXSourcesBuildPhase;
			buildActionMask = 2147483647;
			files = (
				C90F98FB1A5F4287002C508F /* tiny_obj_loader.cc in Sources */,
				C90F98FE1A5F4305002C508F /* Image.cpp in Sources */,
				C90F99001A5F431E002C508F /* main.cpp in Sources */,
				C983CC791A5F531600AA417B /* Triangle.cpp in Sources */,
			);
			runOnlyForDeploymentPostprocessing = 0;
		};
/* End PBXSourcesBuildPhase section */

/* Begin XCBuildConfiguration section */
		C90F98F41A5F409F002C508F /* Debug */ = {
			isa = XCBuildConfiguration;
			buildSettings = {
				ALWAYS_SEARCH_USER_PATHS = NO;
				CLANG_CXX_LANGUAGE_STANDARD = "gnu++0x";
				CLANG_CXX_LIBRARY = "libc++";
				CLANG_ENABLE_MODULES = YES;
				CLANG_ENABLE_OBJC_ARC = YES;
				CLANG_WARN_BOOL_CONVERSION = YES;
				CLANG_WARN_CONSTANT_CONVERSION = YES;
				CLANG_WARN_DIRECT_OBJC_ISA_USAGE = YES_ERROR;
				CLANG_WARN_EMPTY_BODY = YES;
				CLANG_WARN_ENUM_CONVERSION = YES;
				CLANG_WARN_INT_CONVERSION = YES;
				CLANG_WARN_OBJC_ROOT_CLASS = YES_ERROR;
				CLANG_WARN_UNREACHABLE_CODE = YES;
				CLANG_WARN__DUPLICATE_METHOD_MATCH = YES;
				COPY_PHASE_STRIP = NO;
				ENABLE_STRICT_OBJC_MSGSEND = YES;
				GCC_C_LANGUAGE_STANDARD = gnu99;
				GCC_DYNAMIC_NO_PIC = NO;
				GCC_OPTIMIZATION_LEVEL = 0;
				GCC_PREPROCESSOR_DEFINITIONS = (
					"DEBUG=1",
					"$(inherited)",
				);
				GCC_SYMBOLS_PRIVATE_EXTERN = NO;
				GCC_WARN_64_TO_32_BIT_CONVERSION = YES;
				GCC_WARN_ABOUT_RETURN_TYPE = YES_ERROR;
				GCC_WARN_UNDECLARED_SELECTOR = YES;
				GCC_WARN_UNINITIALIZED_AUTOS = YES_AGGRESSIVE;
				GCC_WARN_UNUSED_FUNCTION = YES;
				GCC_WARN_UNUSED_VARIABLE = YES;
				MACOSX_DEPLOYMENT_TARGET = 10.10;
				MTL_ENABLE_DEBUG_INFO = YES;
				ONLY_ACTIVE_ARCH = YES;
				SDKROOT = macosx;
			};
			name = Debug;
		};
		C90F98F51A5F409F002C508F /* Release */ = {
			isa = XCBuildConfiguration;
			buildSettings = {
				ALWAYS_SEARCH_USER_PATHS = NO;
				CLANG_CXX_LANGUAGE_STANDARD = "gnu++0x";
				CLANG_CXX_LIBRARY = "libc++";
				CLANG_ENABLE_MODULES = YES;
				CLANG_ENABLE_OBJC_ARC = YES;
				CLANG_WARN_BOOL_CONVERSION = YES;
				CLANG_WARN_CONSTANT_CONVERSION = YES;
				CLANG_WARN_DIRECT_OBJC_ISA_USAGE = YES_ERROR;
				CLANG_WARN_EMPTY_BODY = YES;
				CLANG_WARN_ENUM_CONVERSION = YES;
				CLANG_WARN_INT_CONVERSION = YES;
				CLANG_WARN_OBJC_ROOT_CLASS = YES_ERROR;
				CLANG_WARN_UNREACHABLE_CODE = YES;
				CLANG_WARN__DUPLICATE_METHOD_MATCH = YES;
				COPY_PHASE_STRIP = YES;
				DEBUG_INFORMATION_FORMAT = "dwarf-with-dsym";
				ENABLE_NS_ASSERTIONS = NO;
				ENABLE_STRICT_OBJC_MSGSEND = YES;
				GCC_C_LANGUAGE_STANDARD = gnu99;
				GCC_WARN_64_TO_32_BIT_CONVERSION = YES;
				GCC_WARN_ABOUT_RETURN_TYPE = YES_ERROR;
				GCC_WARN_UNDECLARED_SELECTOR = YES;
				GCC_WARN_UNINITIALIZED_AUTOS = YES_AGGRESSIVE;
				GCC_WARN_UNUSED_FUNCTION = YES;
				GCC_WARN_UNUSED_VARIABLE = YES;
				MACOSX_DEPLOYMENT_TARGET = 10.10;
				MTL_ENABLE_DEBUG_INFO = NO;
				SDKROOT = macosx;
			};
			name = Release;
		};
		C90F98F71A5F409F002C508F /* Debug */ = {
			isa = XCBuildConfiguration;
			buildSettings = {
				PRODUCT_NAME = "$(TARGET_NAME)";
			};
			name = Debug;
		};
		C90F98F81A5F409F002C508F /* Release */ = {
			isa = XCBuildConfiguration;
			buildSettings = {
				PRODUCT_NAME = "$(TARGET_NAME)";
			};
			name = Release;
		};
/* End XCBuildConfiguration section */

/* Begin XCConfigurationList section */
		C90F98EA1A5F409F002C508F /* Build configuration list for PBXProject "FirstThing" */ = {
			isa = XCConfigurationList;
			buildConfigurations = (
				C90F98F41A5F409F002C508F /* Debug */,
				C90F98F51A5F409F002C508F /* Release */,
			);
			defaultConfigurationIsVisible = 0;
			defaultConfigurationName = Release;
		};
		C90F98F61A5F409F002C508F /* Build configuration list for PBXNativeTarget "FirstThing" */ = {
			isa = XCConfigurationList;
			buildConfigurations = (
				C90F98F71A5F409F002C508F /* Debug */,
				C90F98F81A5F409F002C508F /* Release */,
			);
			defaultConfigurationIsVisible = 0;
			defaultConfigurationName = Release;
		};
/* End XCConfigurationList section */
	};
	rootObject = C90F98E71A5F409F002C508F /* Project object */;
}
