// !$*UTF8*$!
{
	archiveVersion = 1;
	classes = {
	};
	objectVersion = 46;
	objects = {

/* Begin PBXAggregateTarget section */
		5DD2C54FBF6E43A5B104D125 /* ALL_BUILD */ = {
			isa = PBXAggregateTarget;
			buildConfigurationList = DA00D5F5B4744702B344C2B6 /* Build configuration list for PBXAggregateTarget "ALL_BUILD" */;
			buildPhases = (
				DCC91A4FD8EB4E3C925C0269 /* CMake Rules */,
			);
			dependencies = (
				17EF73A3B554486BA3C88CFF /* PBXTargetDependency */,
				9F22C0A70E934CB79B338D4C /* PBXTargetDependency */,
			);
			name = ALL_BUILD;
			productName = ALL_BUILD;
		};
		B002F87A7B774E6992574E14 /* ZERO_CHECK */ = {
			isa = PBXAggregateTarget;
			buildConfigurationList = 52069241F4D54ECABF84AAC4 /* Build configuration list for PBXAggregateTarget "ZERO_CHECK" */;
			buildPhases = (
				846AD98B6D6248BDA9A4E888 /* CMake Rules */,
			);
			dependencies = (
			);
			name = ZERO_CHECK;
			productName = ZERO_CHECK;
		};
/* End PBXAggregateTarget section */

/* Begin PBXBuildFile section */
		6C70B959A4AC48FBBFDE3D10 /* tiny_obj_loader.cc in Sources */ = {isa = PBXBuildFile; fileRef = 700D7C2B5A744A2E82F21222 /* tiny_obj_loader.cc */; settings = {COMPILER_FLAGS = ""; }; };
		7D3673CBD3D94AFB91FD7F72 /* main.cpp in Sources */ = {isa = PBXBuildFile; fileRef = 02F891D9295248B5ADC44B84 /* main.cpp */; settings = {COMPILER_FLAGS = ""; }; };
		D1E469A043A24C2489913468 /* GLSL.cpp in Sources */ = {isa = PBXBuildFile; fileRef = E58AF12D517E4BED8272070E /* GLSL.cpp */; settings = {COMPILER_FLAGS = ""; }; };
/* End PBXBuildFile section */

/* Begin PBXContainerItemProxy section */
		14ED99E293A74C82A65FB21D /* PBXContainerItemProxy */ = {
			isa = PBXContainerItemProxy;
			containerPortal = 6FF2FEE9349849FFB305ED87 /* Project object */;
			proxyType = 1;
			remoteGlobalIDString = B002F87A7B774E6992574E14;
			remoteInfo = ZERO_CHECK;
		};
		AC8BBDFD9C8846A8BEDA6368 /* PBXContainerItemProxy */ = {
			isa = PBXContainerItemProxy;
			containerPortal = 6FF2FEE9349849FFB305ED87 /* Project object */;
			proxyType = 1;
			remoteGlobalIDString = C06C31E7319345A2BA72BCA5;
			remoteInfo = twomesh;
		};
		B2A8316A2DC54E9EBCAF9441 /* PBXContainerItemProxy */ = {
			isa = PBXContainerItemProxy;
			containerPortal = 6FF2FEE9349849FFB305ED87 /* Project object */;
			proxyType = 1;
			remoteGlobalIDString = B002F87A7B774E6992574E14;
			remoteInfo = ZERO_CHECK;
		};
/* End PBXContainerItemProxy section */

/* Begin PBXFileReference section */
		02F891D9295248B5ADC44B84 /* main.cpp */ = {isa = PBXFileReference; explicitFileType = sourcecode.cpp.cpp; fileEncoding = 4; path = main.cpp; sourceTree = SOURCE_ROOT; };
		632B3C06099E42EFA32890EA /* CMakeLists.txt */ = {isa = PBXFileReference; explicitFileType = sourcecode.text; fileEncoding = 4; lastKnownFileType = text; path = CMakeLists.txt; sourceTree = SOURCE_ROOT; };
		700D7C2B5A744A2E82F21222 /* tiny_obj_loader.cc */ = {isa = PBXFileReference; explicitFileType = sourcecode.cpp.cpp; fileEncoding = 4; path = tiny_obj_loader.cc; sourceTree = SOURCE_ROOT; };
		8231EC6D79574101A79FD3FC /* CMakeLists.txt */ = {isa = PBXFileReference; explicitFileType = sourcecode.text; fileEncoding = 4; lastKnownFileType = text; path = CMakeLists.txt; sourceTree = SOURCE_ROOT; };
		D0663318E00347CFB418C687 /* CMakeLists.txt */ = {isa = PBXFileReference; explicitFileType = sourcecode.text; fileEncoding = 4; lastKnownFileType = text; path = CMakeLists.txt; sourceTree = SOURCE_ROOT; };
		D4ED2C8041FB4370AE5D3EC3 /* twomesh */ = {isa = PBXFileReference; explicitFileType = "compiled.mach-o.executable"; path = twomesh; sourceTree = BUILT_PRODUCTS_DIR; };
		E58AF12D517E4BED8272070E /* GLSL.cpp */ = {isa = PBXFileReference; explicitFileType = sourcecode.cpp.cpp; fileEncoding = 4; path = GLSL.cpp; sourceTree = SOURCE_ROOT; };
/* End PBXFileReference section */

/* Begin PBXGroup section */
		1D6E9F6E32DC474C9EAEAADA /* CMake Rules */ = {
			isa = PBXGroup;
			children = (
			);
			name = "CMake Rules";
			sourceTree = "<group>";
		};
		2D1E768FDA5646649306A82E /* CMake Rules */ = {
			isa = PBXGroup;
			children = (
			);
			name = "CMake Rules";
			sourceTree = "<group>";
		};
		41FD5A5729B54F52A62B4634 /* Source Files */ = {
			isa = PBXGroup;
			children = (
				E58AF12D517E4BED8272070E /* GLSL.cpp */,
				02F891D9295248B5ADC44B84 /* main.cpp */,
				700D7C2B5A744A2E82F21222 /* tiny_obj_loader.cc */,
			);
			name = "Source Files";
			sourceTree = "<group>";
		};
		4328A2C5ED55456BA8C3670C = {
			isa = PBXGroup;
			children = (
				F2D1DFCD7C904ACEA347A417 /* Sources */,
				46166D5A1D7540BBAE857EBD /* Resources */,
				D24443563C074866908EB5E3 /* Products */,
			);
			sourceTree = "<group>";
		};
		46166D5A1D7540BBAE857EBD /* Resources */ = {
			isa = PBXGroup;
			children = (
			);
			name = Resources;
			sourceTree = "<group>";
		};
		5684F9489E834A1E9FA432A3 /* twomesh */ = {
			isa = PBXGroup;
			children = (
				41FD5A5729B54F52A62B4634 /* Source Files */,
				632B3C06099E42EFA32890EA /* CMakeLists.txt */,
			);
			name = twomesh;
			sourceTree = "<group>";
		};
		96C8CCDC890845DBA084DFE3 /* ZERO_CHECK */ = {
			isa = PBXGroup;
			children = (
				2D1E768FDA5646649306A82E /* CMake Rules */,
				D0663318E00347CFB418C687 /* CMakeLists.txt */,
			);
			name = ZERO_CHECK;
			sourceTree = "<group>";
		};
		AFC4076E77774518AAB25562 /* ALL_BUILD */ = {
			isa = PBXGroup;
			children = (
				1D6E9F6E32DC474C9EAEAADA /* CMake Rules */,
				8231EC6D79574101A79FD3FC /* CMakeLists.txt */,
			);
			name = ALL_BUILD;
			sourceTree = "<group>";
		};
		D24443563C074866908EB5E3 /* Products */ = {
			isa = PBXGroup;
			children = (
				D4ED2C8041FB4370AE5D3EC3 /* twomesh */,
			);
			name = Products;
			sourceTree = "<group>";
		};
		F2D1DFCD7C904ACEA347A417 /* Sources */ = {
			isa = PBXGroup;
			children = (
				AFC4076E77774518AAB25562 /* ALL_BUILD */,
				5684F9489E834A1E9FA432A3 /* twomesh */,
				96C8CCDC890845DBA084DFE3 /* ZERO_CHECK */,
			);
			name = Sources;
			sourceTree = "<group>";
		};
/* End PBXGroup section */

/* Begin PBXNativeTarget section */
		C06C31E7319345A2BA72BCA5 /* twomesh */ = {
			isa = PBXNativeTarget;
			buildConfigurationList = FCDFA76EFD1845D6B2455191 /* Build configuration list for PBXNativeTarget "twomesh" */;
			buildPhases = (
				C290969CBD924AEA8CB59836 /* Sources */,
			);
			buildRules = (
			);
			dependencies = (
				867F6338A8594B2A8EC869EF /* PBXTargetDependency */,
			);
			name = twomesh;
			productName = twomesh;
			productReference = D4ED2C8041FB4370AE5D3EC3 /* twomesh */;
			productType = "com.apple.product-type.tool";
		};
/* End PBXNativeTarget section */

/* Begin PBXProject section */
		6FF2FEE9349849FFB305ED87 /* Project object */ = {
			isa = PBXProject;
			attributes = {
				BuildIndependentTargetsInParallel = YES;
			};
			buildConfigurationList = B3776B47D7084A04ABA9B696 /* Build configuration list for PBXProject "twomesh" */;
			compatibilityVersion = "Xcode 3.2";
			developmentRegion = English;
			hasScannedForEncodings = 0;
			knownRegions = (
				en,
			);
			mainGroup = 4328A2C5ED55456BA8C3670C;
			projectDirPath = /Users/elliotfiske/471/Two_mesh_15;
			projectRoot = "";
			targets = (
				5DD2C54FBF6E43A5B104D125 /* ALL_BUILD */,
				C06C31E7319345A2BA72BCA5 /* twomesh */,
				B002F87A7B774E6992574E14 /* ZERO_CHECK */,
			);
		};
/* End PBXProject section */

/* Begin PBXShellScriptBuildPhase section */
		846AD98B6D6248BDA9A4E888 /* CMake Rules */ = {
			isa = PBXShellScriptBuildPhase;
			buildActionMask = 2147483647;
			files = (
			);
			name = "CMake Rules";
			runOnlyForDeploymentPostprocessing = 0;
			shellPath = /bin/sh;
			shellScript = "make -C /Users/elliotfiske/471/Prog5 -f /Users/elliotfiske/471/Prog5/CMakeScripts/ZERO_CHECK_cmakeRulesBuildPhase.make$CONFIGURATION all";
			showEnvVarsInLog = 0;
		};
		DCC91A4FD8EB4E3C925C0269 /* CMake Rules */ = {
			isa = PBXShellScriptBuildPhase;
			buildActionMask = 2147483647;
			files = (
			);
			name = "CMake Rules";
			runOnlyForDeploymentPostprocessing = 0;
			shellPath = /bin/sh;
			shellScript = "make -C /Users/elliotfiske/471/Prog5 -f /Users/elliotfiske/471/Prog5/CMakeScripts/ALL_BUILD_cmakeRulesBuildPhase.make$CONFIGURATION all";
			showEnvVarsInLog = 0;
		};
/* End PBXShellScriptBuildPhase section */

/* Begin PBXSourcesBuildPhase section */
		C290969CBD924AEA8CB59836 /* Sources */ = {
			isa = PBXSourcesBuildPhase;
			buildActionMask = 2147483647;
			files = (
				D1E469A043A24C2489913468 /* GLSL.cpp in Sources */,
				7D3673CBD3D94AFB91FD7F72 /* main.cpp in Sources */,
				6C70B959A4AC48FBBFDE3D10 /* tiny_obj_loader.cc in Sources */,
			);
			runOnlyForDeploymentPostprocessing = 0;
		};
/* End PBXSourcesBuildPhase section */

/* Begin PBXTargetDependency section */
		17EF73A3B554486BA3C88CFF /* PBXTargetDependency */ = {
			isa = PBXTargetDependency;
			target = B002F87A7B774E6992574E14 /* ZERO_CHECK */;
			targetProxy = B2A8316A2DC54E9EBCAF9441 /* PBXContainerItemProxy */;
		};
		867F6338A8594B2A8EC869EF /* PBXTargetDependency */ = {
			isa = PBXTargetDependency;
			target = B002F87A7B774E6992574E14 /* ZERO_CHECK */;
			targetProxy = 14ED99E293A74C82A65FB21D /* PBXContainerItemProxy */;
		};
		9F22C0A70E934CB79B338D4C /* PBXTargetDependency */ = {
			isa = PBXTargetDependency;
			target = C06C31E7319345A2BA72BCA5 /* twomesh */;
			targetProxy = AC8BBDFD9C8846A8BEDA6368 /* PBXContainerItemProxy */;
		};
/* End PBXTargetDependency section */

/* Begin XCBuildConfiguration section */
		0D80BB1A7A4F49DFB3440C8F /* MinSizeRel */ = {
			isa = XCBuildConfiguration;
			buildSettings = {
				COMBINE_HIDPI_IMAGES = YES;
				GCC_GENERATE_DEBUGGING_SYMBOLS = NO;
				GCC_INLINES_ARE_PRIVATE_EXTERN = NO;
				GCC_OPTIMIZATION_LEVEL = 0;
				GCC_PREPROCESSOR_DEFINITIONS = "'CMAKE_INTDIR=\"$(CONFIGURATION)$(EFFECTIVE_PLATFORM_NAME)\"'";
				GCC_SYMBOLS_PRIVATE_EXTERN = NO;
				INSTALL_PATH = "";
				OTHER_CFLAGS = "  ";
				OTHER_LDFLAGS = " ";
				OTHER_REZFLAGS = "";
				PRODUCT_NAME = ALL_BUILD;
				SECTORDER_FLAGS = "";
				SYMROOT = /Users/elliotfiske/471/Prog5;
				USE_HEADERMAP = NO;
				WARNING_CFLAGS = (
					"-Wmost",
					"-Wno-four-char-constants",
					"-Wno-unknown-pragmas",
				);
			};
			name = MinSizeRel;
		};
		362407487DB74CAA896391A8 /* Release */ = {
			isa = XCBuildConfiguration;
			buildSettings = {
				COMBINE_HIDPI_IMAGES = YES;
				GCC_GENERATE_DEBUGGING_SYMBOLS = NO;
				GCC_INLINES_ARE_PRIVATE_EXTERN = NO;
				GCC_OPTIMIZATION_LEVEL = 0;
				GCC_PREPROCESSOR_DEFINITIONS = "'CMAKE_INTDIR=\"$(CONFIGURATION)$(EFFECTIVE_PLATFORM_NAME)\"'";
				GCC_SYMBOLS_PRIVATE_EXTERN = NO;
				INSTALL_PATH = "";
				OTHER_CFLAGS = "  ";
				OTHER_LDFLAGS = " ";
				OTHER_REZFLAGS = "";
				PRODUCT_NAME = ALL_BUILD;
				SECTORDER_FLAGS = "";
				SYMROOT = /Users/elliotfiske/471/Prog5;
				USE_HEADERMAP = NO;
				WARNING_CFLAGS = (
					"-Wmost",
					"-Wno-four-char-constants",
					"-Wno-unknown-pragmas",
				);
			};
			name = Release;
		};
		46CB3D3403ED48A495F3BD63 /* RelWithDebInfo */ = {
			isa = XCBuildConfiguration;
			buildSettings = {
				COMBINE_HIDPI_IMAGES = YES;
				GCC_GENERATE_DEBUGGING_SYMBOLS = NO;
				GCC_INLINES_ARE_PRIVATE_EXTERN = NO;
				GCC_OPTIMIZATION_LEVEL = 0;
				GCC_PREPROCESSOR_DEFINITIONS = "'CMAKE_INTDIR=\"$(CONFIGURATION)$(EFFECTIVE_PLATFORM_NAME)\"'";
				GCC_SYMBOLS_PRIVATE_EXTERN = NO;
				INSTALL_PATH = "";
				OTHER_CFLAGS = "  ";
				OTHER_LDFLAGS = " ";
				OTHER_REZFLAGS = "";
				PRODUCT_NAME = ZERO_CHECK;
				SECTORDER_FLAGS = "";
				SYMROOT = /Users/elliotfiske/471/Prog5;
				USE_HEADERMAP = NO;
				WARNING_CFLAGS = (
					"-Wmost",
					"-Wno-four-char-constants",
					"-Wno-unknown-pragmas",
				);
			};
			name = RelWithDebInfo;
		};
		488992D89A8C4229868A3804 /* Release */ = {
			isa = XCBuildConfiguration;
			buildSettings = {
				COMBINE_HIDPI_IMAGES = YES;
				GCC_GENERATE_DEBUGGING_SYMBOLS = NO;
				GCC_INLINES_ARE_PRIVATE_EXTERN = NO;
				GCC_OPTIMIZATION_LEVEL = 0;
				GCC_PREPROCESSOR_DEFINITIONS = "'CMAKE_INTDIR=\"$(CONFIGURATION)$(EFFECTIVE_PLATFORM_NAME)\"'";
				GCC_SYMBOLS_PRIVATE_EXTERN = NO;
				INSTALL_PATH = "";
				OTHER_CFLAGS = "  ";
				OTHER_LDFLAGS = " ";
				OTHER_REZFLAGS = "";
				PRODUCT_NAME = ZERO_CHECK;
				SECTORDER_FLAGS = "";
				SYMROOT = /Users/elliotfiske/471/Prog5;
				USE_HEADERMAP = NO;
				WARNING_CFLAGS = (
					"-Wmost",
					"-Wno-four-char-constants",
					"-Wno-unknown-pragmas",
				);
			};
			name = Release;
		};
		8BBF27866AC6491FB3CD367E /* MinSizeRel */ = {
			isa = XCBuildConfiguration;
			buildSettings = {
				ARCHS = "$(ARCHS_STANDARD_32_64_BIT)";
				HEADER_SEARCH_PATHS = (
					"$(inherited)",
					/Applications/Xcode.app/Contents/Developer/Toolchains/XcodeDefault.xctoolchain/usr/include,
					/usr/local/Cellar/glew/1.11.0/include,
					/Users/elliotfiske/471/Program3/dependencies/glfw/include,
				);
				ONLY_ACTIVE_ARCH = YES;
				SDKROOT = /Applications/Xcode.app/Contents/Developer/Platforms/MacOSX.platform/Developer/SDKs/MacOSX10.10.sdk;
				SYMROOT = /Users/elliotfiske/471/Prog5/build;
			};
			name = MinSizeRel;
		};
		98927E859A2C47D3A4814372 /* RelWithDebInfo */ = {
			isa = XCBuildConfiguration;
			buildSettings = {
				COMBINE_HIDPI_IMAGES = YES;
				EXECUTABLE_PREFIX = "";
				EXECUTABLE_SUFFIX = "";
				GCC_GENERATE_DEBUGGING_SYMBOLS = YES;
				GCC_INLINES_ARE_PRIVATE_EXTERN = NO;
				GCC_OPTIMIZATION_LEVEL = 2;
				GCC_PREPROCESSOR_DEFINITIONS = "'CMAKE_INTDIR=\"$(CONFIGURATION)$(EFFECTIVE_PLATFORM_NAME)\"'";
				GCC_SYMBOLS_PRIVATE_EXTERN = NO;
				INSTALL_PATH = "";
				LIBRARY_SEARCH_PATHS = "";
				OTHER_CFLAGS = "       -DNDEBUG  ";
				OTHER_CPLUSPLUSFLAGS = "       -DNDEBUG  ";
				OTHER_LDFLAGS = (
					"-Wl,-search_paths_first",
					"-Wl,-headerpad_max_install_names",
					"-framework",
					OpenGL,
					/usr/local/lib/libglfw3.dylib,
					/usr/local/lib/libGLEW.dylib,
					"-framework",
					Cocoa,
					"-framework",
					IOKit,
					"-framework",
					CoreVideo,
				);
				OTHER_REZFLAGS = "";
				PRODUCT_NAME = twomesh;
				SECTORDER_FLAGS = "";
				SYMROOT = /Users/elliotfiske/471/Prog5;
				USE_HEADERMAP = NO;
				WARNING_CFLAGS = (
					"-Wmost",
					"-Wno-four-char-constants",
					"-Wno-unknown-pragmas",
				);
			};
			name = RelWithDebInfo;
		};
		9ECF34CF48DD4692BBD0412D /* Debug */ = {
			isa = XCBuildConfiguration;
			buildSettings = {
				COMBINE_HIDPI_IMAGES = YES;
				GCC_GENERATE_DEBUGGING_SYMBOLS = NO;
				GCC_INLINES_ARE_PRIVATE_EXTERN = NO;
				GCC_OPTIMIZATION_LEVEL = 0;
				GCC_PREPROCESSOR_DEFINITIONS = "'CMAKE_INTDIR=\"$(CONFIGURATION)$(EFFECTIVE_PLATFORM_NAME)\"'";
				GCC_SYMBOLS_PRIVATE_EXTERN = NO;
				INSTALL_PATH = "";
				OTHER_CFLAGS = "  ";
				OTHER_LDFLAGS = " ";
				OTHER_REZFLAGS = "";
				PRODUCT_NAME = ALL_BUILD;
				SECTORDER_FLAGS = "";
				SYMROOT = /Users/elliotfiske/471/Prog5;
				USE_HEADERMAP = NO;
				WARNING_CFLAGS = (
					"-Wmost",
					"-Wno-four-char-constants",
					"-Wno-unknown-pragmas",
				);
			};
			name = Debug;
		};
		A5B32171C8644B4D86EECBDD /* RelWithDebInfo */ = {
			isa = XCBuildConfiguration;
			buildSettings = {
				COMBINE_HIDPI_IMAGES = YES;
				GCC_GENERATE_DEBUGGING_SYMBOLS = NO;
				GCC_INLINES_ARE_PRIVATE_EXTERN = NO;
				GCC_OPTIMIZATION_LEVEL = 0;
				GCC_PREPROCESSOR_DEFINITIONS = "'CMAKE_INTDIR=\"$(CONFIGURATION)$(EFFECTIVE_PLATFORM_NAME)\"'";
				GCC_SYMBOLS_PRIVATE_EXTERN = NO;
				INSTALL_PATH = "";
				OTHER_CFLAGS = "  ";
				OTHER_LDFLAGS = " ";
				OTHER_REZFLAGS = "";
				PRODUCT_NAME = ALL_BUILD;
				SECTORDER_FLAGS = "";
				SYMROOT = /Users/elliotfiske/471/Prog5;
				USE_HEADERMAP = NO;
				WARNING_CFLAGS = (
					"-Wmost",
					"-Wno-four-char-constants",
					"-Wno-unknown-pragmas",
				);
			};
			name = RelWithDebInfo;
		};
		D95AD3EFFB07451EB6106392 /* RelWithDebInfo */ = {
			isa = XCBuildConfiguration;
			buildSettings = {
				ARCHS = "$(ARCHS_STANDARD_32_64_BIT)";
				HEADER_SEARCH_PATHS = (
					"$(inherited)",
					/Applications/Xcode.app/Contents/Developer/Toolchains/XcodeDefault.xctoolchain/usr/include,
					/usr/local/Cellar/glew/1.11.0/include,
					/Users/elliotfiske/471/Program3/dependencies/glfw/include,
				);
				ONLY_ACTIVE_ARCH = YES;
				SDKROOT = /Applications/Xcode.app/Contents/Developer/Platforms/MacOSX.platform/Developer/SDKs/MacOSX10.10.sdk;
				SYMROOT = /Users/elliotfiske/471/Prog5/build;
			};
			name = RelWithDebInfo;
		};
		DF8A454DA6564B36810EB45A /* Debug */ = {
			isa = XCBuildConfiguration;
			buildSettings = {
				ARCHS = "$(ARCHS_STANDARD_32_64_BIT)";
				HEADER_SEARCH_PATHS = (
					"$(inherited)",
					/Applications/Xcode.app/Contents/Developer/Toolchains/XcodeDefault.xctoolchain/usr/include,
					/usr/local/Cellar/glew/1.11.0/include,
					/Users/elliotfiske/471/Program3/dependencies/glfw/include,
				);
				ONLY_ACTIVE_ARCH = YES;
				SDKROOT = /Applications/Xcode.app/Contents/Developer/Platforms/MacOSX.platform/Developer/SDKs/MacOSX10.10.sdk;
				SYMROOT = /Users/elliotfiske/471/Prog5/build;
			};
			name = Debug;
		};
		E1438996A16C4991819CEFDD /* MinSizeRel */ = {
			isa = XCBuildConfiguration;
			buildSettings = {
				COMBINE_HIDPI_IMAGES = YES;
				EXECUTABLE_PREFIX = "";
				EXECUTABLE_SUFFIX = "";
				GCC_GENERATE_DEBUGGING_SYMBOLS = NO;
				GCC_INLINES_ARE_PRIVATE_EXTERN = NO;
				GCC_OPTIMIZATION_LEVEL = s;
				GCC_PREPROCESSOR_DEFINITIONS = "'CMAKE_INTDIR=\"$(CONFIGURATION)$(EFFECTIVE_PLATFORM_NAME)\"'";
				GCC_SYMBOLS_PRIVATE_EXTERN = NO;
				INSTALL_PATH = "";
				LIBRARY_SEARCH_PATHS = "";
				OTHER_CFLAGS = "    -DNDEBUG  ";
				OTHER_CPLUSPLUSFLAGS = "    -DNDEBUG  ";
				OTHER_LDFLAGS = (
					"-Wl,-search_paths_first",
					"-Wl,-headerpad_max_install_names",
					"-framework",
					OpenGL,
					/usr/local/lib/libglfw3.dylib,
					/usr/local/lib/libGLEW.dylib,
					"-framework",
					Cocoa,
					"-framework",
					IOKit,
					"-framework",
					CoreVideo,
				);
				OTHER_REZFLAGS = "";
				PRODUCT_NAME = twomesh;
				SECTORDER_FLAGS = "";
				SYMROOT = /Users/elliotfiske/471/Prog5;
				USE_HEADERMAP = NO;
				WARNING_CFLAGS = (
					"-Wmost",
					"-Wno-four-char-constants",
					"-Wno-unknown-pragmas",
				);
			};
			name = MinSizeRel;
		};
		EAF772DB6C5348CCB159C697 /* Debug */ = {
			isa = XCBuildConfiguration;
			buildSettings = {
				COMBINE_HIDPI_IMAGES = YES;
				EXECUTABLE_PREFIX = "";
				EXECUTABLE_SUFFIX = "";
				GCC_GENERATE_DEBUGGING_SYMBOLS = YES;
				GCC_INLINES_ARE_PRIVATE_EXTERN = NO;
				GCC_OPTIMIZATION_LEVEL = 0;
				GCC_PREPROCESSOR_DEFINITIONS = "'CMAKE_INTDIR=\"$(CONFIGURATION)$(EFFECTIVE_PLATFORM_NAME)\"'";
				GCC_SYMBOLS_PRIVATE_EXTERN = NO;
				INSTALL_PATH = "";
				LIBRARY_SEARCH_PATHS = "";
				OTHER_CFLAGS = "    ";
				OTHER_CPLUSPLUSFLAGS = "    ";
				OTHER_LDFLAGS = (
					"-Wl,-search_paths_first",
					"-Wl,-headerpad_max_install_names",
					"-framework",
					OpenGL,
					/usr/local/lib/libglfw3.dylib,
					/usr/local/lib/libGLEW.dylib,
					"-framework",
					Cocoa,
					"-framework",
					IOKit,
					"-framework",
					CoreVideo,
				);
				OTHER_REZFLAGS = "";
				PRODUCT_NAME = twomesh;
				SECTORDER_FLAGS = "";
				SYMROOT = /Users/elliotfiske/471/Prog5;
				USE_HEADERMAP = NO;
				WARNING_CFLAGS = (
					"-Wmost",
					"-Wno-four-char-constants",
					"-Wno-unknown-pragmas",
				);
			};
			name = Debug;
		};
		F44E6B2B547F4A128399B037 /* Debug */ = {
			isa = XCBuildConfiguration;
			buildSettings = {
				COMBINE_HIDPI_IMAGES = YES;
				GCC_GENERATE_DEBUGGING_SYMBOLS = NO;
				GCC_INLINES_ARE_PRIVATE_EXTERN = NO;
				GCC_OPTIMIZATION_LEVEL = 0;
				GCC_PREPROCESSOR_DEFINITIONS = "'CMAKE_INTDIR=\"$(CONFIGURATION)$(EFFECTIVE_PLATFORM_NAME)\"'";
				GCC_SYMBOLS_PRIVATE_EXTERN = NO;
				INSTALL_PATH = "";
				OTHER_CFLAGS = "  ";
				OTHER_LDFLAGS = " ";
				OTHER_REZFLAGS = "";
				PRODUCT_NAME = ZERO_CHECK;
				SECTORDER_FLAGS = "";
				SYMROOT = /Users/elliotfiske/471/Prog5;
				USE_HEADERMAP = NO;
				WARNING_CFLAGS = (
					"-Wmost",
					"-Wno-four-char-constants",
					"-Wno-unknown-pragmas",
				);
			};
			name = Debug;
		};
		FA2379C75B2D47D5BA191393 /* Release */ = {
			isa = XCBuildConfiguration;
			buildSettings = {
				COMBINE_HIDPI_IMAGES = YES;
				EXECUTABLE_PREFIX = "";
				EXECUTABLE_SUFFIX = "";
				GCC_GENERATE_DEBUGGING_SYMBOLS = NO;
				GCC_INLINES_ARE_PRIVATE_EXTERN = NO;
				GCC_OPTIMIZATION_LEVEL = 3;
				GCC_PREPROCESSOR_DEFINITIONS = "'CMAKE_INTDIR=\"$(CONFIGURATION)$(EFFECTIVE_PLATFORM_NAME)\"'";
				GCC_SYMBOLS_PRIVATE_EXTERN = NO;
				INSTALL_PATH = "";
				LIBRARY_SEARCH_PATHS = "";
				OTHER_CFLAGS = "    -DNDEBUG  ";
				OTHER_CPLUSPLUSFLAGS = "    -DNDEBUG  ";
				OTHER_LDFLAGS = (
					"-Wl,-search_paths_first",
					"-Wl,-headerpad_max_install_names",
					"-framework",
					OpenGL,
					/usr/local/lib/libglfw3.dylib,
					/usr/local/lib/libGLEW.dylib,
					"-framework",
					Cocoa,
					"-framework",
					IOKit,
					"-framework",
					CoreVideo,
				);
				OTHER_REZFLAGS = "";
				PRODUCT_NAME = twomesh;
				SECTORDER_FLAGS = "";
				SYMROOT = /Users/elliotfiske/471/Prog5;
				USE_HEADERMAP = NO;
				WARNING_CFLAGS = (
					"-Wmost",
					"-Wno-four-char-constants",
					"-Wno-unknown-pragmas",
				);
			};
			name = Release;
		};
		FE234726F7CF46BCB9A71A54 /* Release */ = {
			isa = XCBuildConfiguration;
			buildSettings = {
				ARCHS = "$(ARCHS_STANDARD_32_64_BIT)";
				HEADER_SEARCH_PATHS = (
					"$(inherited)",
					/Applications/Xcode.app/Contents/Developer/Toolchains/XcodeDefault.xctoolchain/usr/include,
					/usr/local/Cellar/glew/1.11.0/include,
					/Users/elliotfiske/471/Program3/dependencies/glfw/include,
				);
				ONLY_ACTIVE_ARCH = YES;
				SDKROOT = /Applications/Xcode.app/Contents/Developer/Platforms/MacOSX.platform/Developer/SDKs/MacOSX10.10.sdk;
				SYMROOT = /Users/elliotfiske/471/Prog5/build;
			};
			name = Release;
		};
		FEC7EDEF2F4E4404B37D9F90 /* MinSizeRel */ = {
			isa = XCBuildConfiguration;
			buildSettings = {
				COMBINE_HIDPI_IMAGES = YES;
				GCC_GENERATE_DEBUGGING_SYMBOLS = NO;
				GCC_INLINES_ARE_PRIVATE_EXTERN = NO;
				GCC_OPTIMIZATION_LEVEL = 0;
				GCC_PREPROCESSOR_DEFINITIONS = "'CMAKE_INTDIR=\"$(CONFIGURATION)$(EFFECTIVE_PLATFORM_NAME)\"'";
				GCC_SYMBOLS_PRIVATE_EXTERN = NO;
				INSTALL_PATH = "";
				OTHER_CFLAGS = "  ";
				OTHER_LDFLAGS = " ";
				OTHER_REZFLAGS = "";
				PRODUCT_NAME = ZERO_CHECK;
				SECTORDER_FLAGS = "";
				SYMROOT = /Users/elliotfiske/471/Prog5;
				USE_HEADERMAP = NO;
				WARNING_CFLAGS = (
					"-Wmost",
					"-Wno-four-char-constants",
					"-Wno-unknown-pragmas",
				);
			};
			name = MinSizeRel;
		};
/* End XCBuildConfiguration section */

/* Begin XCConfigurationList section */
		52069241F4D54ECABF84AAC4 /* Build configuration list for PBXAggregateTarget "ZERO_CHECK" */ = {
			isa = XCConfigurationList;
			buildConfigurations = (
				F44E6B2B547F4A128399B037 /* Debug */,
				488992D89A8C4229868A3804 /* Release */,
				FEC7EDEF2F4E4404B37D9F90 /* MinSizeRel */,
				46CB3D3403ED48A495F3BD63 /* RelWithDebInfo */,
			);
			defaultConfigurationIsVisible = 0;
			defaultConfigurationName = Debug;
		};
		B3776B47D7084A04ABA9B696 /* Build configuration list for PBXProject "twomesh" */ = {
			isa = XCConfigurationList;
			buildConfigurations = (
				DF8A454DA6564B36810EB45A /* Debug */,
				FE234726F7CF46BCB9A71A54 /* Release */,
				8BBF27866AC6491FB3CD367E /* MinSizeRel */,
				D95AD3EFFB07451EB6106392 /* RelWithDebInfo */,
			);
			defaultConfigurationIsVisible = 0;
			defaultConfigurationName = Debug;
		};
		DA00D5F5B4744702B344C2B6 /* Build configuration list for PBXAggregateTarget "ALL_BUILD" */ = {
			isa = XCConfigurationList;
			buildConfigurations = (
				9ECF34CF48DD4692BBD0412D /* Debug */,
				362407487DB74CAA896391A8 /* Release */,
				0D80BB1A7A4F49DFB3440C8F /* MinSizeRel */,
				A5B32171C8644B4D86EECBDD /* RelWithDebInfo */,
			);
			defaultConfigurationIsVisible = 0;
			defaultConfigurationName = Debug;
		};
		FCDFA76EFD1845D6B2455191 /* Build configuration list for PBXNativeTarget "twomesh" */ = {
			isa = XCConfigurationList;
			buildConfigurations = (
				EAF772DB6C5348CCB159C697 /* Debug */,
				FA2379C75B2D47D5BA191393 /* Release */,
				E1438996A16C4991819CEFDD /* MinSizeRel */,
				98927E859A2C47D3A4814372 /* RelWithDebInfo */,
			);
			defaultConfigurationIsVisible = 0;
			defaultConfigurationName = Debug;
		};
/* End XCConfigurationList section */
	};
	rootObject = 6FF2FEE9349849FFB305ED87 /* Project object */;
}
