// !$*UTF8*$!
{
	archiveVersion = 1;
	classes = {
	};
	objectVersion = 46;
	objects = {

/* Begin PBXAggregateTarget section */
		74E7C80D5AC8415C86B65EBC /* ALL_BUILD */ = {
			isa = PBXAggregateTarget;
			buildConfigurationList = 786EB5D6F4974A3C92D27380 /* Build configuration list for PBXAggregateTarget "ALL_BUILD" */;
			buildPhases = (
				BA0DFA7E74104BE5BFF69DC2 /* CMake Rules */,
			);
			dependencies = (
				F0B9D5DD5D604B9EB05743BA /* PBXTargetDependency */,
				4C87B14867994B18BBBFEF91 /* PBXTargetDependency */,
			);
			name = ALL_BUILD;
			productName = ALL_BUILD;
		};
		BEAC1F5D1EFC49DAB76DCB82 /* ZERO_CHECK */ = {
			isa = PBXAggregateTarget;
			buildConfigurationList = 3721173D8712470E9BCC6EEC /* Build configuration list for PBXAggregateTarget "ZERO_CHECK" */;
			buildPhases = (
				DE552EE371E14708835092C9 /* CMake Rules */,
			);
			dependencies = (
			);
			name = ZERO_CHECK;
			productName = ZERO_CHECK;
		};
/* End PBXAggregateTarget section */

/* Begin PBXBuildFile section */
		39D2AF5D5B3F4EDAB679616A /* main.cpp in Sources */ = {isa = PBXBuildFile; fileRef = 9583DA5025C84E62906EC6CE /* main.cpp */; settings = {COMPILER_FLAGS = ""; }; };
		92006476F6A346C29D03F9BB /* GLSL.cpp in Sources */ = {isa = PBXBuildFile; fileRef = 41E480F46AFA4E56995CC2E4 /* GLSL.cpp */; settings = {COMPILER_FLAGS = ""; }; };
		EDC3007D1E1646B386476E4E /* tiny_obj_loader.cc in Sources */ = {isa = PBXBuildFile; fileRef = 7B26B4F375894BB2B34806FF /* tiny_obj_loader.cc */; settings = {COMPILER_FLAGS = ""; }; };
/* End PBXBuildFile section */

/* Begin PBXContainerItemProxy section */
		6B3595F26D42495594FAF187 /* PBXContainerItemProxy */ = {
			isa = PBXContainerItemProxy;
			containerPortal = B3D618CC8C894B888BE5C332 /* Project object */;
			proxyType = 1;
			remoteGlobalIDString = 16C56B35D50D40898BB4A2D6;
			remoteInfo = lab5;
		};
		93E50B7B68AA441BB247C56C /* PBXContainerItemProxy */ = {
			isa = PBXContainerItemProxy;
			containerPortal = B3D618CC8C894B888BE5C332 /* Project object */;
			proxyType = 1;
			remoteGlobalIDString = BEAC1F5D1EFC49DAB76DCB82;
			remoteInfo = ZERO_CHECK;
		};
		BA5BBCCCE2644FD6B3ED87E9 /* PBXContainerItemProxy */ = {
			isa = PBXContainerItemProxy;
			containerPortal = B3D618CC8C894B888BE5C332 /* Project object */;
			proxyType = 1;
			remoteGlobalIDString = BEAC1F5D1EFC49DAB76DCB82;
			remoteInfo = ZERO_CHECK;
		};
/* End PBXContainerItemProxy section */

/* Begin PBXFileReference section */
		068523C3262142B0903E419A /* CMakeLists.txt */ = {isa = PBXFileReference; explicitFileType = sourcecode.text; fileEncoding = 4; lastKnownFileType = text; path = CMakeLists.txt; sourceTree = SOURCE_ROOT; };
		0C7A3F9BBF254392A9E4A7DF /* CMakeLists.txt */ = {isa = PBXFileReference; explicitFileType = sourcecode.text; fileEncoding = 4; lastKnownFileType = text; path = CMakeLists.txt; sourceTree = SOURCE_ROOT; };
		19C6C892158C4E91907383AE /* CMakeLists.txt */ = {isa = PBXFileReference; explicitFileType = sourcecode.text; fileEncoding = 4; lastKnownFileType = text; path = CMakeLists.txt; sourceTree = SOURCE_ROOT; };
		3AF8F3C676DF4D50857A0A8F /* lab5 */ = {isa = PBXFileReference; explicitFileType = "compiled.mach-o.executable"; path = lab5; sourceTree = BUILT_PRODUCTS_DIR; };
		41E480F46AFA4E56995CC2E4 /* GLSL.cpp */ = {isa = PBXFileReference; explicitFileType = sourcecode.cpp.cpp; fileEncoding = 4; path = GLSL.cpp; sourceTree = SOURCE_ROOT; };
		7B26B4F375894BB2B34806FF /* tiny_obj_loader.cc */ = {isa = PBXFileReference; explicitFileType = sourcecode.cpp.cpp; fileEncoding = 4; path = tiny_obj_loader.cc; sourceTree = SOURCE_ROOT; };
		9583DA5025C84E62906EC6CE /* main.cpp */ = {isa = PBXFileReference; explicitFileType = sourcecode.cpp.cpp; fileEncoding = 4; path = main.cpp; sourceTree = SOURCE_ROOT; };
		C90B226F1A8066C3001880FC /* cube.obj */ = {isa = PBXFileReference; fileEncoding = 4; lastKnownFileType = text; path = cube.obj; sourceTree = "<group>"; };
		C90B22701A8066C3001880FC /* frag.glsl */ = {isa = PBXFileReference; fileEncoding = 4; lastKnownFileType = text; path = frag.glsl; sourceTree = "<group>"; };
		C90B22711A8066C3001880FC /* lab5 */ = {isa = PBXFileReference; lastKnownFileType = "compiled.mach-o.executable"; path = lab5; sourceTree = "<group>"; };
		C90B22721A8066C3001880FC /* vert.glsl */ = {isa = PBXFileReference; fileEncoding = 4; lastKnownFileType = text; path = vert.glsl; sourceTree = "<group>"; };
/* End PBXFileReference section */

/* Begin PBXGroup section */
		23DA81C63F43436389AA54A0 /* ZERO_CHECK */ = {
			isa = PBXGroup;
			children = (
				78360619A0FA446CA3E2A070 /* CMake Rules */,
				19C6C892158C4E91907383AE /* CMakeLists.txt */,
			);
			name = ZERO_CHECK;
			sourceTree = "<group>";
		};
		3DD960C940DA45BF8A3851D5 /* Sources */ = {
			isa = PBXGroup;
			children = (
				8D2E13B5AE9940559ACCD856 /* lab5 */,
				E8B7BCFE42844862A094EC00 /* ALL_BUILD */,
				23DA81C63F43436389AA54A0 /* ZERO_CHECK */,
			);
			name = Sources;
			sourceTree = "<group>";
		};
		4F3A5BAC3C1648039BBEF98D /* Source Files */ = {
			isa = PBXGroup;
			children = (
				41E480F46AFA4E56995CC2E4 /* GLSL.cpp */,
				9583DA5025C84E62906EC6CE /* main.cpp */,
				7B26B4F375894BB2B34806FF /* tiny_obj_loader.cc */,
			);
			name = "Source Files";
			sourceTree = "<group>";
		};
		627B480D26F243D7B176C3B5 = {
			isa = PBXGroup;
			children = (
				C90B226E1A8066C3001880FC /* REAL products */,
				4F3A5BAC3C1648039BBEF98D /* Source Files */,
				3DD960C940DA45BF8A3851D5 /* Sources */,
				B7BD93A9A7E243458CC24A45 /* Resources */,
				BE257EDB7F584F4497672AEA /* Products */,
			);
			sourceTree = "<group>";
		};
		78360619A0FA446CA3E2A070 /* CMake Rules */ = {
			isa = PBXGroup;
			children = (
			);
			name = "CMake Rules";
			sourceTree = "<group>";
		};
		8D2E13B5AE9940559ACCD856 /* lab5 */ = {
			isa = PBXGroup;
			children = (
				068523C3262142B0903E419A /* CMakeLists.txt */,
			);
			name = lab5;
			sourceTree = "<group>";
		};
		9B35B1BEF1B340E4BC1D3305 /* CMake Rules */ = {
			isa = PBXGroup;
			children = (
			);
			name = "CMake Rules";
			sourceTree = "<group>";
		};
		B7BD93A9A7E243458CC24A45 /* Resources */ = {
			isa = PBXGroup;
			children = (
			);
			name = Resources;
			sourceTree = "<group>";
		};
		BE257EDB7F584F4497672AEA /* Products */ = {
			isa = PBXGroup;
			children = (
				3AF8F3C676DF4D50857A0A8F /* lab5 */,
			);
			name = Products;
			sourceTree = "<group>";
		};
		C90B226E1A8066C3001880FC /* REAL products */ = {
			isa = PBXGroup;
			children = (
				C90B226F1A8066C3001880FC /* cube.obj */,
				C90B22701A8066C3001880FC /* frag.glsl */,
				C90B22711A8066C3001880FC /* lab5 */,
				C90B22721A8066C3001880FC /* vert.glsl */,
			);
			name = "REAL products";
			path = "../built-lab5/Debug";
			sourceTree = "<group>";
		};
		E8B7BCFE42844862A094EC00 /* ALL_BUILD */ = {
			isa = PBXGroup;
			children = (
				9B35B1BEF1B340E4BC1D3305 /* CMake Rules */,
				0C7A3F9BBF254392A9E4A7DF /* CMakeLists.txt */,
			);
			name = ALL_BUILD;
			sourceTree = "<group>";
		};
/* End PBXGroup section */

/* Begin PBXNativeTarget section */
		16C56B35D50D40898BB4A2D6 /* lab5 */ = {
			isa = PBXNativeTarget;
			buildConfigurationList = C10F6E001FDA4DBDB4001F66 /* Build configuration list for PBXNativeTarget "lab5" */;
			buildPhases = (
				4460569A91294255A53EBA02 /* Sources */,
			);
			buildRules = (
			);
			dependencies = (
				71C9D82FEBED4B128DDFCAF2 /* PBXTargetDependency */,
			);
			name = lab5;
			productName = lab5;
			productReference = 3AF8F3C676DF4D50857A0A8F /* lab5 */;
			productType = "com.apple.product-type.tool";
		};
/* End PBXNativeTarget section */

/* Begin PBXProject section */
		B3D618CC8C894B888BE5C332 /* Project object */ = {
			isa = PBXProject;
			attributes = {
				BuildIndependentTargetsInParallel = YES;
				LastUpgradeCheck = 0610;
			};
			buildConfigurationList = CCFC3D1A5BEE49CBB34882EF /* Build configuration list for PBXProject "lab5" */;
			compatibilityVersion = "Xcode 3.2";
			developmentRegion = English;
			hasScannedForEncodings = 0;
			knownRegions = (
				en,
			);
			mainGroup = 627B480D26F243D7B176C3B5;
			projectDirPath = /Users/elliotfiske/471/Lab5;
			projectRoot = "";
			targets = (
				16C56B35D50D40898BB4A2D6 /* lab5 */,
				74E7C80D5AC8415C86B65EBC /* ALL_BUILD */,
				BEAC1F5D1EFC49DAB76DCB82 /* ZERO_CHECK */,
			);
		};
/* End PBXProject section */

/* Begin PBXShellScriptBuildPhase section */
		BA0DFA7E74104BE5BFF69DC2 /* CMake Rules */ = {
			isa = PBXShellScriptBuildPhase;
			buildActionMask = 2147483647;
			files = (
			);
			name = "CMake Rules";
			runOnlyForDeploymentPostprocessing = 0;
			shellPath = /bin/sh;
			shellScript = "make -C /Users/elliotfiske/471/built-lab5 -f /Users/elliotfiske/471/built-lab5/CMakeScripts/ALL_BUILD_cmakeRulesBuildPhase.make$CONFIGURATION all";
			showEnvVarsInLog = 0;
		};
		DE552EE371E14708835092C9 /* CMake Rules */ = {
			isa = PBXShellScriptBuildPhase;
			buildActionMask = 2147483647;
			files = (
			);
			name = "CMake Rules";
			runOnlyForDeploymentPostprocessing = 0;
			shellPath = /bin/sh;
			shellScript = "make -C /Users/elliotfiske/471/built-lab5 -f /Users/elliotfiske/471/built-lab5/CMakeScripts/ZERO_CHECK_cmakeRulesBuildPhase.make$CONFIGURATION all";
			showEnvVarsInLog = 0;
		};
/* End PBXShellScriptBuildPhase section */

/* Begin PBXSourcesBuildPhase section */
		4460569A91294255A53EBA02 /* Sources */ = {
			isa = PBXSourcesBuildPhase;
			buildActionMask = 2147483647;
			files = (
				92006476F6A346C29D03F9BB /* GLSL.cpp in Sources */,
				39D2AF5D5B3F4EDAB679616A /* main.cpp in Sources */,
				EDC3007D1E1646B386476E4E /* tiny_obj_loader.cc in Sources */,
			);
			runOnlyForDeploymentPostprocessing = 0;
		};
/* End PBXSourcesBuildPhase section */

/* Begin PBXTargetDependency section */
		4C87B14867994B18BBBFEF91 /* PBXTargetDependency */ = {
			isa = PBXTargetDependency;
			target = BEAC1F5D1EFC49DAB76DCB82 /* ZERO_CHECK */;
			targetProxy = BA5BBCCCE2644FD6B3ED87E9 /* PBXContainerItemProxy */;
		};
		71C9D82FEBED4B128DDFCAF2 /* PBXTargetDependency */ = {
			isa = PBXTargetDependency;
			target = BEAC1F5D1EFC49DAB76DCB82 /* ZERO_CHECK */;
			targetProxy = 93E50B7B68AA441BB247C56C /* PBXContainerItemProxy */;
		};
		F0B9D5DD5D604B9EB05743BA /* PBXTargetDependency */ = {
			isa = PBXTargetDependency;
			target = 16C56B35D50D40898BB4A2D6 /* lab5 */;
			targetProxy = 6B3595F26D42495594FAF187 /* PBXContainerItemProxy */;
		};
/* End PBXTargetDependency section */

/* Begin XCBuildConfiguration section */
		04B68BCA3B804AF3BDB769F8 /* MinSizeRel */ = {
			isa = XCBuildConfiguration;
			buildSettings = {
				COMBINE_HIDPI_IMAGES = YES;
				GCC_GENERATE_DEBUGGING_SYMBOLS = NO;
				GCC_INLINES_ARE_PRIVATE_EXTERN = NO;
				GCC_OPTIMIZATION_LEVEL = 0;
				GCC_PREPROCESSOR_DEFINITIONS = "'CMAKE_INTDIR=\"$(CONFIGURATION)$(EFFECTIVE_PLATFORM_NAME)\"'";
				GCC_SYMBOLS_PRIVATE_EXTERN = NO;
				INSTALL_PATH = "";
				OTHER_CFLAGS = "  ";
				OTHER_LDFLAGS = " ";
				OTHER_REZFLAGS = "";
				PRODUCT_NAME = ALL_BUILD;
				SECTORDER_FLAGS = "";
				SYMROOT = "/Users/elliotfiske/471/built-lab5";
				USE_HEADERMAP = NO;
				WARNING_CFLAGS = (
					"-Wmost",
					"-Wno-four-char-constants",
					"-Wno-unknown-pragmas",
				);
			};
			name = MinSizeRel;
		};
		2211DDC2AAA7404C81062EAD /* MinSizeRel */ = {
			isa = XCBuildConfiguration;
			buildSettings = {
				ONLY_ACTIVE_ARCH = YES;
				SDKROOT = /Applications/Xcode.app/Contents/Developer/Platforms/MacOSX.platform/Developer/SDKs/MacOSX10.10.sdk;
				SYMROOT = "/Users/elliotfiske/471/built-lab5/build";
			};
			name = MinSizeRel;
		};
		3ED7EBCD52604E80B2029E14 /* Release */ = {
			isa = XCBuildConfiguration;
			buildSettings = {
				ONLY_ACTIVE_ARCH = YES;
				SDKROOT = /Applications/Xcode.app/Contents/Developer/Platforms/MacOSX.platform/Developer/SDKs/MacOSX10.10.sdk;
				SYMROOT = "/Users/elliotfiske/471/built-lab5/build";
			};
			name = Release;
		};
		4A35E82C3CAA4E92BDCA33A4 /* MinSizeRel */ = {
			isa = XCBuildConfiguration;
			buildSettings = {
				COMBINE_HIDPI_IMAGES = YES;
				EXECUTABLE_PREFIX = "";
				EXECUTABLE_SUFFIX = "";
				GCC_GENERATE_DEBUGGING_SYMBOLS = NO;
				GCC_INLINES_ARE_PRIVATE_EXTERN = NO;
				GCC_OPTIMIZATION_LEVEL = s;
				GCC_PREPROCESSOR_DEFINITIONS = "'CMAKE_INTDIR=\"$(CONFIGURATION)$(EFFECTIVE_PLATFORM_NAME)\"'";
				GCC_SYMBOLS_PRIVATE_EXTERN = NO;
				HEADER_SEARCH_PATHS = (
					"$(inherited)",
					/Applications/Xcode.app/Contents/Developer/Toolchains/XcodeDefault.xctoolchain/usr/include,
					/usr/local/Cellar/glew/1.11.0/include,
					/usr/local/Cellar/glfw3/3.0.4/include,
				);
				INSTALL_PATH = "";
				LIBRARY_SEARCH_PATHS = "";
				OTHER_CFLAGS = "    -DNDEBUG  ";
				OTHER_CPLUSPLUSFLAGS = "    -DNDEBUG  ";
				OTHER_LDFLAGS = (
					"-Wl,-search_paths_first",
					"-Wl,-headerpad_max_install_names",
					"-framework",
					OpenGL,
					/usr/local/lib/libglfw3.dylib,
					/usr/local/lib/libGLEW.dylib,
					"-framework",
					Cocoa,
					"-framework",
					IOKit,
					"-framework",
					CoreVideo,
				);
				OTHER_REZFLAGS = "";
				PRODUCT_NAME = lab5;
				SECTORDER_FLAGS = "";
				SYMROOT = "/Users/elliotfiske/471/built-lab5";
				USE_HEADERMAP = NO;
				WARNING_CFLAGS = (
					"-Wmost",
					"-Wno-four-char-constants",
					"-Wno-unknown-pragmas",
				);
			};
			name = MinSizeRel;
		};
		4F64D51C6D9241969401C836 /* RelWithDebInfo */ = {
			isa = XCBuildConfiguration;
			buildSettings = {
				COMBINE_HIDPI_IMAGES = YES;
				GCC_GENERATE_DEBUGGING_SYMBOLS = NO;
				GCC_INLINES_ARE_PRIVATE_EXTERN = NO;
				GCC_OPTIMIZATION_LEVEL = 0;
				GCC_PREPROCESSOR_DEFINITIONS = "'CMAKE_INTDIR=\"$(CONFIGURATION)$(EFFECTIVE_PLATFORM_NAME)\"'";
				GCC_SYMBOLS_PRIVATE_EXTERN = NO;
				INSTALL_PATH = "";
				OTHER_CFLAGS = "  ";
				OTHER_LDFLAGS = " ";
				OTHER_REZFLAGS = "";
				PRODUCT_NAME = ALL_BUILD;
				SECTORDER_FLAGS = "";
				SYMROOT = "/Users/elliotfiske/471/built-lab5";
				USE_HEADERMAP = NO;
				WARNING_CFLAGS = (
					"-Wmost",
					"-Wno-four-char-constants",
					"-Wno-unknown-pragmas",
				);
			};
			name = RelWithDebInfo;
		};
		5608F6A88C73402CBF495D9D /* MinSizeRel */ = {
			isa = XCBuildConfiguration;
			buildSettings = {
				COMBINE_HIDPI_IMAGES = YES;
				GCC_GENERATE_DEBUGGING_SYMBOLS = NO;
				GCC_INLINES_ARE_PRIVATE_EXTERN = NO;
				GCC_OPTIMIZATION_LEVEL = 0;
				GCC_PREPROCESSOR_DEFINITIONS = "'CMAKE_INTDIR=\"$(CONFIGURATION)$(EFFECTIVE_PLATFORM_NAME)\"'";
				GCC_SYMBOLS_PRIVATE_EXTERN = NO;
				INSTALL_PATH = "";
				OTHER_CFLAGS = "  ";
				OTHER_LDFLAGS = " ";
				OTHER_REZFLAGS = "";
				PRODUCT_NAME = ZERO_CHECK;
				SECTORDER_FLAGS = "";
				SYMROOT = "/Users/elliotfiske/471/built-lab5";
				USE_HEADERMAP = NO;
				WARNING_CFLAGS = (
					"-Wmost",
					"-Wno-four-char-constants",
					"-Wno-unknown-pragmas",
				);
			};
			name = MinSizeRel;
		};
		73A4799E8E674CD0A6FCBD84 /* RelWithDebInfo */ = {
			isa = XCBuildConfiguration;
			buildSettings = {
				ONLY_ACTIVE_ARCH = YES;
				SDKROOT = /Applications/Xcode.app/Contents/Developer/Platforms/MacOSX.platform/Developer/SDKs/MacOSX10.10.sdk;
				SYMROOT = "/Users/elliotfiske/471/built-lab5/build";
			};
			name = RelWithDebInfo;
		};
		73B61A756431482B8C6DE0FF /* RelWithDebInfo */ = {
			isa = XCBuildConfiguration;
			buildSettings = {
				COMBINE_HIDPI_IMAGES = YES;
				EXECUTABLE_PREFIX = "";
				EXECUTABLE_SUFFIX = "";
				GCC_GENERATE_DEBUGGING_SYMBOLS = YES;
				GCC_INLINES_ARE_PRIVATE_EXTERN = NO;
				GCC_OPTIMIZATION_LEVEL = 2;
				GCC_PREPROCESSOR_DEFINITIONS = "'CMAKE_INTDIR=\"$(CONFIGURATION)$(EFFECTIVE_PLATFORM_NAME)\"'";
				GCC_SYMBOLS_PRIVATE_EXTERN = NO;
				HEADER_SEARCH_PATHS = (
					"$(inherited)",
					/Applications/Xcode.app/Contents/Developer/Toolchains/XcodeDefault.xctoolchain/usr/include,
					/usr/local/Cellar/glew/1.11.0/include,
					/usr/local/Cellar/glfw3/3.0.4/include,
				);
				INSTALL_PATH = "";
				LIBRARY_SEARCH_PATHS = "";
				OTHER_CFLAGS = "       -DNDEBUG  ";
				OTHER_CPLUSPLUSFLAGS = "       -DNDEBUG  ";
				OTHER_LDFLAGS = (
					"-Wl,-search_paths_first",
					"-Wl,-headerpad_max_install_names",
					"-framework",
					OpenGL,
					/usr/local/lib/libglfw3.dylib,
					/usr/local/lib/libGLEW.dylib,
					"-framework",
					Cocoa,
					"-framework",
					IOKit,
					"-framework",
					CoreVideo,
				);
				OTHER_REZFLAGS = "";
				PRODUCT_NAME = lab5;
				SECTORDER_FLAGS = "";
				SYMROOT = "/Users/elliotfiske/471/built-lab5";
				USE_HEADERMAP = NO;
				WARNING_CFLAGS = (
					"-Wmost",
					"-Wno-four-char-constants",
					"-Wno-unknown-pragmas",
				);
			};
			name = RelWithDebInfo;
		};
		86C5E6F389944802AB47F5B6 /* Release */ = {
			isa = XCBuildConfiguration;
			buildSettings = {
				COMBINE_HIDPI_IMAGES = YES;
				GCC_GENERATE_DEBUGGING_SYMBOLS = NO;
				GCC_INLINES_ARE_PRIVATE_EXTERN = NO;
				GCC_OPTIMIZATION_LEVEL = 0;
				GCC_PREPROCESSOR_DEFINITIONS = "'CMAKE_INTDIR=\"$(CONFIGURATION)$(EFFECTIVE_PLATFORM_NAME)\"'";
				GCC_SYMBOLS_PRIVATE_EXTERN = NO;
				INSTALL_PATH = "";
				OTHER_CFLAGS = "  ";
				OTHER_LDFLAGS = " ";
				OTHER_REZFLAGS = "";
				PRODUCT_NAME = ZERO_CHECK;
				SECTORDER_FLAGS = "";
				SYMROOT = "/Users/elliotfiske/471/built-lab5";
				USE_HEADERMAP = NO;
				WARNING_CFLAGS = (
					"-Wmost",
					"-Wno-four-char-constants",
					"-Wno-unknown-pragmas",
				);
			};
			name = Release;
		};
		9A37DF3CF2BC4FDC8CEA6A8A /* Debug */ = {
			isa = XCBuildConfiguration;
			buildSettings = {
				COMBINE_HIDPI_IMAGES = YES;
				GCC_GENERATE_DEBUGGING_SYMBOLS = NO;
				GCC_INLINES_ARE_PRIVATE_EXTERN = NO;
				GCC_OPTIMIZATION_LEVEL = 0;
				GCC_PREPROCESSOR_DEFINITIONS = "'CMAKE_INTDIR=\"$(CONFIGURATION)$(EFFECTIVE_PLATFORM_NAME)\"'";
				GCC_SYMBOLS_PRIVATE_EXTERN = NO;
				INSTALL_PATH = "";
				OTHER_CFLAGS = "  ";
				OTHER_LDFLAGS = " ";
				OTHER_REZFLAGS = "";
				PRODUCT_NAME = ALL_BUILD;
				SECTORDER_FLAGS = "";
				SYMROOT = "/Users/elliotfiske/471/built-lab5";
				USE_HEADERMAP = NO;
				WARNING_CFLAGS = (
					"-Wmost",
					"-Wno-four-char-constants",
					"-Wno-unknown-pragmas",
				);
			};
			name = Debug;
		};
		B836EB009425402D94EA4DDC /* RelWithDebInfo */ = {
			isa = XCBuildConfiguration;
			buildSettings = {
				COMBINE_HIDPI_IMAGES = YES;
				GCC_GENERATE_DEBUGGING_SYMBOLS = NO;
				GCC_INLINES_ARE_PRIVATE_EXTERN = NO;
				GCC_OPTIMIZATION_LEVEL = 0;
				GCC_PREPROCESSOR_DEFINITIONS = "'CMAKE_INTDIR=\"$(CONFIGURATION)$(EFFECTIVE_PLATFORM_NAME)\"'";
				GCC_SYMBOLS_PRIVATE_EXTERN = NO;
				INSTALL_PATH = "";
				OTHER_CFLAGS = "  ";
				OTHER_LDFLAGS = " ";
				OTHER_REZFLAGS = "";
				PRODUCT_NAME = ZERO_CHECK;
				SECTORDER_FLAGS = "";
				SYMROOT = "/Users/elliotfiske/471/built-lab5";
				USE_HEADERMAP = NO;
				WARNING_CFLAGS = (
					"-Wmost",
					"-Wno-four-char-constants",
					"-Wno-unknown-pragmas",
				);
			};
			name = RelWithDebInfo;
		};
		B9EFDBD3AED84831BA661F01 /* Debug */ = {
			isa = XCBuildConfiguration;
			buildSettings = {
				COMBINE_HIDPI_IMAGES = YES;
				GCC_GENERATE_DEBUGGING_SYMBOLS = NO;
				GCC_INLINES_ARE_PRIVATE_EXTERN = NO;
				GCC_OPTIMIZATION_LEVEL = 0;
				GCC_PREPROCESSOR_DEFINITIONS = "'CMAKE_INTDIR=\"$(CONFIGURATION)$(EFFECTIVE_PLATFORM_NAME)\"'";
				GCC_SYMBOLS_PRIVATE_EXTERN = NO;
				INSTALL_PATH = "";
				OTHER_CFLAGS = "  ";
				OTHER_LDFLAGS = " ";
				OTHER_REZFLAGS = "";
				PRODUCT_NAME = ZERO_CHECK;
				SECTORDER_FLAGS = "";
				SYMROOT = "/Users/elliotfiske/471/built-lab5";
				USE_HEADERMAP = NO;
				WARNING_CFLAGS = (
					"-Wmost",
					"-Wno-four-char-constants",
					"-Wno-unknown-pragmas",
				);
			};
			name = Debug;
		};
		CB939FF23F064350BA034079 /* Debug */ = {
			isa = XCBuildConfiguration;
			buildSettings = {
				COMBINE_HIDPI_IMAGES = YES;
				EXECUTABLE_PREFIX = "";
				EXECUTABLE_SUFFIX = "";
				GCC_GENERATE_DEBUGGING_SYMBOLS = YES;
				GCC_INLINES_ARE_PRIVATE_EXTERN = NO;
				GCC_OPTIMIZATION_LEVEL = 0;
				GCC_PREPROCESSOR_DEFINITIONS = "'CMAKE_INTDIR=\"$(CONFIGURATION)$(EFFECTIVE_PLATFORM_NAME)\"'";
				GCC_SYMBOLS_PRIVATE_EXTERN = NO;
				HEADER_SEARCH_PATHS = (
					"$(inherited)",
					/Applications/Xcode.app/Contents/Developer/Toolchains/XcodeDefault.xctoolchain/usr/include,
					/usr/local/Cellar/glew/1.11.0/include,
					/usr/local/Cellar/glfw3/3.0.4/include,
				);
				INSTALL_PATH = "";
				LIBRARY_SEARCH_PATHS = "";
				OTHER_CFLAGS = "    ";
				OTHER_CPLUSPLUSFLAGS = "    ";
				OTHER_LDFLAGS = (
					"-Wl,-search_paths_first",
					"-Wl,-headerpad_max_install_names",
					"-framework",
					OpenGL,
					/usr/local/lib/libglfw3.dylib,
					/usr/local/lib/libGLEW.dylib,
					"-framework",
					Cocoa,
					"-framework",
					IOKit,
					"-framework",
					CoreVideo,
				);
				OTHER_REZFLAGS = "";
				PRODUCT_NAME = lab5;
				SECTORDER_FLAGS = "";
				SYMROOT = "/Users/elliotfiske/471/built-lab5";
				USE_HEADERMAP = NO;
				WARNING_CFLAGS = (
					"-Wmost",
					"-Wno-four-char-constants",
					"-Wno-unknown-pragmas",
				);
			};
			name = Debug;
		};
		D3DC3E64648E4411BEAF3A7D /* Release */ = {
			isa = XCBuildConfiguration;
			buildSettings = {
				COMBINE_HIDPI_IMAGES = YES;
				GCC_GENERATE_DEBUGGING_SYMBOLS = NO;
				GCC_INLINES_ARE_PRIVATE_EXTERN = NO;
				GCC_OPTIMIZATION_LEVEL = 0;
				GCC_PREPROCESSOR_DEFINITIONS = "'CMAKE_INTDIR=\"$(CONFIGURATION)$(EFFECTIVE_PLATFORM_NAME)\"'";
				GCC_SYMBOLS_PRIVATE_EXTERN = NO;
				INSTALL_PATH = "";
				OTHER_CFLAGS = "  ";
				OTHER_LDFLAGS = " ";
				OTHER_REZFLAGS = "";
				PRODUCT_NAME = ALL_BUILD;
				SECTORDER_FLAGS = "";
				SYMROOT = "/Users/elliotfiske/471/built-lab5";
				USE_HEADERMAP = NO;
				WARNING_CFLAGS = (
					"-Wmost",
					"-Wno-four-char-constants",
					"-Wno-unknown-pragmas",
				);
			};
			name = Release;
		};
		DE3698091BF94A31B28629C0 /* Debug */ = {
			isa = XCBuildConfiguration;
			buildSettings = {
				ONLY_ACTIVE_ARCH = YES;
				SDKROOT = /Applications/Xcode.app/Contents/Developer/Platforms/MacOSX.platform/Developer/SDKs/MacOSX10.10.sdk;
				SYMROOT = "/Users/elliotfiske/471/built-lab5/build";
			};
			name = Debug;
		};
		DFC06E7665A84B20BA9C9357 /* Release */ = {
			isa = XCBuildConfiguration;
			buildSettings = {
				COMBINE_HIDPI_IMAGES = YES;
				EXECUTABLE_PREFIX = "";
				EXECUTABLE_SUFFIX = "";
				GCC_GENERATE_DEBUGGING_SYMBOLS = NO;
				GCC_INLINES_ARE_PRIVATE_EXTERN = NO;
				GCC_OPTIMIZATION_LEVEL = 3;
				GCC_PREPROCESSOR_DEFINITIONS = "'CMAKE_INTDIR=\"$(CONFIGURATION)$(EFFECTIVE_PLATFORM_NAME)\"'";
				GCC_SYMBOLS_PRIVATE_EXTERN = NO;
				HEADER_SEARCH_PATHS = (
					"$(inherited)",
					/Applications/Xcode.app/Contents/Developer/Toolchains/XcodeDefault.xctoolchain/usr/include,
					/usr/local/Cellar/glew/1.11.0/include,
					/usr/local/Cellar/glfw3/3.0.4/include,
				);
				INSTALL_PATH = "";
				LIBRARY_SEARCH_PATHS = "";
				OTHER_CFLAGS = "    -DNDEBUG  ";
				OTHER_CPLUSPLUSFLAGS = "    -DNDEBUG  ";
				OTHER_LDFLAGS = (
					"-Wl,-search_paths_first",
					"-Wl,-headerpad_max_install_names",
					"-framework",
					OpenGL,
					/usr/local/lib/libglfw3.dylib,
					/usr/local/lib/libGLEW.dylib,
					"-framework",
					Cocoa,
					"-framework",
					IOKit,
					"-framework",
					CoreVideo,
				);
				OTHER_REZFLAGS = "";
				PRODUCT_NAME = lab5;
				SECTORDER_FLAGS = "";
				SYMROOT = "/Users/elliotfiske/471/built-lab5";
				USE_HEADERMAP = NO;
				WARNING_CFLAGS = (
					"-Wmost",
					"-Wno-four-char-constants",
					"-Wno-unknown-pragmas",
				);
			};
			name = Release;
		};
/* End XCBuildConfiguration section */

/* Begin XCConfigurationList section */
		3721173D8712470E9BCC6EEC /* Build configuration list for PBXAggregateTarget "ZERO_CHECK" */ = {
			isa = XCConfigurationList;
			buildConfigurations = (
				B9EFDBD3AED84831BA661F01 /* Debug */,
				86C5E6F389944802AB47F5B6 /* Release */,
				5608F6A88C73402CBF495D9D /* MinSizeRel */,
				B836EB009425402D94EA4DDC /* RelWithDebInfo */,
			);
			defaultConfigurationIsVisible = 0;
			defaultConfigurationName = Debug;
		};
		786EB5D6F4974A3C92D27380 /* Build configuration list for PBXAggregateTarget "ALL_BUILD" */ = {
			isa = XCConfigurationList;
			buildConfigurations = (
				9A37DF3CF2BC4FDC8CEA6A8A /* Debug */,
				D3DC3E64648E4411BEAF3A7D /* Release */,
				04B68BCA3B804AF3BDB769F8 /* MinSizeRel */,
				4F64D51C6D9241969401C836 /* RelWithDebInfo */,
			);
			defaultConfigurationIsVisible = 0;
			defaultConfigurationName = Debug;
		};
		C10F6E001FDA4DBDB4001F66 /* Build configuration list for PBXNativeTarget "lab5" */ = {
			isa = XCConfigurationList;
			buildConfigurations = (
				CB939FF23F064350BA034079 /* Debug */,
				DFC06E7665A84B20BA9C9357 /* Release */,
				4A35E82C3CAA4E92BDCA33A4 /* MinSizeRel */,
				73B61A756431482B8C6DE0FF /* RelWithDebInfo */,
			);
			defaultConfigurationIsVisible = 0;
			defaultConfigurationName = Debug;
		};
		CCFC3D1A5BEE49CBB34882EF /* Build configuration list for PBXProject "lab5" */ = {
			isa = XCConfigurationList;
			buildConfigurations = (
				DE3698091BF94A31B28629C0 /* Debug */,
				3ED7EBCD52604E80B2029E14 /* Release */,
				2211DDC2AAA7404C81062EAD /* MinSizeRel */,
				73A4799E8E674CD0A6FCBD84 /* RelWithDebInfo */,
			);
			defaultConfigurationIsVisible = 0;
			defaultConfigurationName = Debug;
		};
/* End XCConfigurationList section */
	};
	rootObject = B3D618CC8C894B888BE5C332 /* Project object */;
}
